
Microsoft Visual Studio Solution File, Format Version 12.00
# Visual Studio Version 17
VisualStudioVersion = 17.3.32929.385
MinimumVisualStudioVersion = 10.0.40219.1
Project("{9A19103F-16F7-4668-BE54-9A1E7A4F7556}") = "AoC", "2021\AoC\AoC.csproj", "{062B14E0-809E-43B9-A7E0-4663854EA0C0}"
EndProject
Project("{9A19103F-16F7-4668-BE54-9A1E7A4F7556}") = "Sweep2", "2021\Sweep2\Sweep2.csproj", "{5428E9E0-8A6B-4D25-98E7-A67D27F273A6}"
EndProject
Project("{9A19103F-16F7-4668-BE54-9A1E7A4F7556}") = "Lib", "2021\Lib\Lib.csproj", "{FB091ABF-0049-41F6-945E-09B4114415A0}"
EndProject
Project("{9A19103F-16F7-4668-BE54-9A1E7A4F7556}") = "Dive1", "2021\Dive1\Dive1.csproj", "{DCB0442E-516C-4D0E-AB64-CAA27CFD67E3}"
EndProject
Project("{9A19103F-16F7-4668-BE54-9A1E7A4F7556}") = "Diagnostic", "2021\Diagnostic\Diagnostic.csproj", "{B62B7565-2984-4165-8F94-BB232BD24C21}"
EndProject
Project("{9A19103F-16F7-4668-BE54-9A1E7A4F7556}") = "Day4", "2021\Day4\Day4.csproj", "{658B32C3-A446-4294-9C16-D646A7E1B744}"
EndProject
Project("{2150E333-8FDC-42A3-9474-1A3956D46DE8}") = "2022", "2022", "{5B902CC1-C9C1-47BA-8520-7267FE193FF5}"
EndProject
Project("{9A19103F-16F7-4668-BE54-9A1E7A4F7556}") = "Day1-2022", "2022\Day1-2022\Day1-2022.csproj", "{5BB5E48F-F15D-4D6D-B73F-7BD2BAD80408}"
EndProject
Project("{9A19103F-16F7-4668-BE54-9A1E7A4F7556}") = "Day2-2022", "2022\Day2-2022\Day2-2022.csproj", "{B42E8028-81B0-4865-86E7-6AD22E132788}"
EndProject
Project("{9A19103F-16F7-4668-BE54-9A1E7A4F7556}") = "Day3-2022", "2022\Day3-2022\Day3-2022.csproj", "{D22F225C-03E7-42F9-B876-1FEA8688F315}"
EndProject
Project("{2150E333-8FDC-42A3-9474-1A3956D46DE8}") = "2021", "2021", "{E50DD095-5553-4DD5-B3E2-78B5215BF95F}"
EndProject
Project("{9A19103F-16F7-4668-BE54-9A1E7A4F7556}") = "Day4-2022", "2022\Day4-2022\Day4-2022.csproj", "{48DB4A22-894D-4E9D-94FD-FE9A601C6E43}"
EndProject
Project("{9A19103F-16F7-4668-BE54-9A1E7A4F7556}") = "Day5-2022", "2022\Day5-2022\Day5-2022.csproj", "{C0EDBA30-88A3-45BD-9E3E-F57D877D1CA2}"
EndProject
Project("{9A19103F-16F7-4668-BE54-9A1E7A4F7556}") = "Day6-2022", "2022\Day6-2022\Day6-2022.csproj", "{51A6DB5B-1970-4C68-B14E-41C806E26E98}"
EndProject
Project("{9A19103F-16F7-4668-BE54-9A1E7A4F7556}") = "Day7-2022", "2022\Day7-2022\Day7-2022.csproj", "{1673775F-AB41-4451-A750-24B64E0F7D96}"
EndProject
Project("{9A19103F-16F7-4668-BE54-9A1E7A4F7556}") = "Day8-2022", "2022\Day8-2022\Day8-2022.csproj", "{BA09A459-6335-431D-A95B-61E1451C98DB}"
EndProject
Project("{FAE04EC0-301F-11D3-BF4B-00C04F79EFBC}") = "Day10-2022", "2022\Day10-2022\Day10-2022.csproj", "{2E04ABCF-EB4C-47C1-AD2C-40EAAA0E7FEA}"
EndProject
Project("{2150E333-8FDC-42A3-9474-1A3956D46DE8}") = "2024", "2024", "{EAA4C3EA-4F80-F7E2-43F4-B077FE12FBA7}"
EndProject
Project("{FAE04EC0-301F-11D3-BF4B-00C04F79EFBC}") = "Day1.Tests", "2024\Day1.Tests\Day1.Tests.csproj", "{DBDB6E4E-53CC-4692-9E47-107537B75477}"
EndProject
Global
	GlobalSection(SolutionConfigurationPlatforms) = preSolution
		Debug|Any CPU = Debug|Any CPU
		Release|Any CPU = Release|Any CPU
	EndGlobalSection
	GlobalSection(ProjectConfigurationPlatforms) = postSolution
		{062B14E0-809E-43B9-A7E0-4663854EA0C0}.Debug|Any CPU.ActiveCfg = Debug|Any CPU
		{062B14E0-809E-43B9-A7E0-4663854EA0C0}.Debug|Any CPU.Build.0 = Debug|Any CPU
		{062B14E0-809E-43B9-A7E0-4663854EA0C0}.Release|Any CPU.ActiveCfg = Release|Any CPU
		{062B14E0-809E-43B9-A7E0-4663854EA0C0}.Release|Any CPU.Build.0 = Release|Any CPU
		{5428E9E0-8A6B-4D25-98E7-A67D27F273A6}.Debug|Any CPU.ActiveCfg = Debug|Any CPU
		{5428E9E0-8A6B-4D25-98E7-A67D27F273A6}.Debug|Any CPU.Build.0 = Debug|Any CPU
		{5428E9E0-8A6B-4D25-98E7-A67D27F273A6}.Release|Any CPU.ActiveCfg = Release|Any CPU
		{5428E9E0-8A6B-4D25-98E7-A67D27F273A6}.Release|Any CPU.Build.0 = Release|Any CPU
		{FB091ABF-0049-41F6-945E-09B4114415A0}.Debug|Any CPU.ActiveCfg = Debug|Any CPU
		{FB091ABF-0049-41F6-945E-09B4114415A0}.Debug|Any CPU.Build.0 = Debug|Any CPU
		{FB091ABF-0049-41F6-945E-09B4114415A0}.Release|Any CPU.ActiveCfg = Release|Any CPU
		{FB091ABF-0049-41F6-945E-09B4114415A0}.Release|Any CPU.Build.0 = Release|Any CPU
		{DCB0442E-516C-4D0E-AB64-CAA27CFD67E3}.Debug|Any CPU.ActiveCfg = Debug|Any CPU
		{DCB0442E-516C-4D0E-AB64-CAA27CFD67E3}.Debug|Any CPU.Build.0 = Debug|Any CPU
		{DCB0442E-516C-4D0E-AB64-CAA27CFD67E3}.Release|Any CPU.ActiveCfg = Release|Any CPU
		{DCB0442E-516C-4D0E-AB64-CAA27CFD67E3}.Release|Any CPU.Build.0 = Release|Any CPU
		{B62B7565-2984-4165-8F94-BB232BD24C21}.Debug|Any CPU.ActiveCfg = Debug|Any CPU
		{B62B7565-2984-4165-8F94-BB232BD24C21}.Debug|Any CPU.Build.0 = Debug|Any CPU
		{B62B7565-2984-4165-8F94-BB232BD24C21}.Release|Any CPU.ActiveCfg = Release|Any CPU
		{B62B7565-2984-4165-8F94-BB232BD24C21}.Release|Any CPU.Build.0 = Release|Any CPU
		{658B32C3-A446-4294-9C16-D646A7E1B744}.Debug|Any CPU.ActiveCfg = Debug|Any CPU
		{658B32C3-A446-4294-9C16-D646A7E1B744}.Debug|Any CPU.Build.0 = Debug|Any CPU
		{658B32C3-A446-4294-9C16-D646A7E1B744}.Release|Any CPU.ActiveCfg = Release|Any CPU
		{658B32C3-A446-4294-9C16-D646A7E1B744}.Release|Any CPU.Build.0 = Release|Any CPU
		{5BB5E48F-F15D-4D6D-B73F-7BD2BAD80408}.Debug|Any CPU.ActiveCfg = Debug|Any CPU
		{5BB5E48F-F15D-4D6D-B73F-7BD2BAD80408}.Debug|Any CPU.Build.0 = Debug|Any CPU
		{5BB5E48F-F15D-4D6D-B73F-7BD2BAD80408}.Release|Any CPU.ActiveCfg = Release|Any CPU
		{5BB5E48F-F15D-4D6D-B73F-7BD2BAD80408}.Release|Any CPU.Build.0 = Release|Any CPU
		{B42E8028-81B0-4865-86E7-6AD22E132788}.Debug|Any CPU.ActiveCfg = Debug|Any CPU
		{B42E8028-81B0-4865-86E7-6AD22E132788}.Debug|Any CPU.Build.0 = Debug|Any CPU
		{B42E8028-81B0-4865-86E7-6AD22E132788}.Release|Any CPU.ActiveCfg = Release|Any CPU
		{B42E8028-81B0-4865-86E7-6AD22E132788}.Release|Any CPU.Build.0 = Release|Any CPU
		{D22F225C-03E7-42F9-B876-1FEA8688F315}.Debug|Any CPU.ActiveCfg = Debug|Any CPU
		{D22F225C-03E7-42F9-B876-1FEA8688F315}.Debug|Any CPU.Build.0 = Debug|Any CPU
		{D22F225C-03E7-42F9-B876-1FEA8688F315}.Release|Any CPU.ActiveCfg = Release|Any CPU
		{D22F225C-03E7-42F9-B876-1FEA8688F315}.Release|Any CPU.Build.0 = Release|Any CPU
		{48DB4A22-894D-4E9D-94FD-FE9A601C6E43}.Debug|Any CPU.ActiveCfg = Debug|Any CPU
		{48DB4A22-894D-4E9D-94FD-FE9A601C6E43}.Debug|Any CPU.Build.0 = Debug|Any CPU
		{48DB4A22-894D-4E9D-94FD-FE9A601C6E43}.Release|Any CPU.ActiveCfg = Release|Any CPU
		{48DB4A22-894D-4E9D-94FD-FE9A601C6E43}.Release|Any CPU.Build.0 = Release|Any CPU
		{C0EDBA30-88A3-45BD-9E3E-F57D877D1CA2}.Debug|Any CPU.ActiveCfg = Debug|Any CPU
		{C0EDBA30-88A3-45BD-9E3E-F57D877D1CA2}.Debug|Any CPU.Build.0 = Debug|Any CPU
		{C0EDBA30-88A3-45BD-9E3E-F57D877D1CA2}.Release|Any CPU.ActiveCfg = Release|Any CPU
		{C0EDBA30-88A3-45BD-9E3E-F57D877D1CA2}.Release|Any CPU.Build.0 = Release|Any CPU
		{51A6DB5B-1970-4C68-B14E-41C806E26E98}.Debug|Any CPU.ActiveCfg = Debug|Any CPU
		{51A6DB5B-1970-4C68-B14E-41C806E26E98}.Debug|Any CPU.Build.0 = Debug|Any CPU
		{51A6DB5B-1970-4C68-B14E-41C806E26E98}.Release|Any CPU.ActiveCfg = Release|Any CPU
		{51A6DB5B-1970-4C68-B14E-41C806E26E98}.Release|Any CPU.Build.0 = Release|Any CPU
		{1673775F-AB41-4451-A750-24B64E0F7D96}.Debug|Any CPU.ActiveCfg = Debug|Any CPU
		{1673775F-AB41-4451-A750-24B64E0F7D96}.Debug|Any CPU.Build.0 = Debug|Any CPU
		{1673775F-AB41-4451-A750-24B64E0F7D96}.Release|Any CPU.ActiveCfg = Release|Any CPU
		{1673775F-AB41-4451-A750-24B64E0F7D96}.Release|Any CPU.Build.0 = Release|Any CPU
		{BA09A459-6335-431D-A95B-61E1451C98DB}.Debug|Any CPU.ActiveCfg = Debug|Any CPU
		{BA09A459-6335-431D-A95B-61E1451C98DB}.Debug|Any CPU.Build.0 = Debug|Any CPU
		{BA09A459-6335-431D-A95B-61E1451C98DB}.Release|Any CPU.ActiveCfg = Release|Any CPU
		{BA09A459-6335-431D-A95B-61E1451C98DB}.Release|Any CPU.Build.0 = Release|Any CPU
		{2E04ABCF-EB4C-47C1-AD2C-40EAAA0E7FEA}.Debug|Any CPU.ActiveCfg = Debug|Any CPU
		{2E04ABCF-EB4C-47C1-AD2C-40EAAA0E7FEA}.Debug|Any CPU.Build.0 = Debug|Any CPU
		{2E04ABCF-EB4C-47C1-AD2C-40EAAA0E7FEA}.Release|Any CPU.ActiveCfg = Release|Any CPU
		{2E04ABCF-EB4C-47C1-AD2C-40EAAA0E7FEA}.Release|Any CPU.Build.0 = Release|Any CPU
		{DBDB6E4E-53CC-4692-9E47-107537B75477}.Debug|Any CPU.ActiveCfg = Debug|Any CPU
		{DBDB6E4E-53CC-4692-9E47-107537B75477}.Debug|Any CPU.Build.0 = Debug|Any CPU
		{DBDB6E4E-53CC-4692-9E47-107537B75477}.Release|Any CPU.ActiveCfg = Release|Any CPU
		{DBDB6E4E-53CC-4692-9E47-107537B75477}.Release|Any CPU.Build.0 = Release|Any CPU
	EndGlobalSection
	GlobalSection(SolutionProperties) = preSolution
		HideSolutionNode = FALSE
	EndGlobalSection
	GlobalSection(NestedProjects) = preSolution
		{062B14E0-809E-43B9-A7E0-4663854EA0C0} = {E50DD095-5553-4DD5-B3E2-78B5215BF95F}
		{5428E9E0-8A6B-4D25-98E7-A67D27F273A6} = {E50DD095-5553-4DD5-B3E2-78B5215BF95F}
		{FB091ABF-0049-41F6-945E-09B4114415A0} = {E50DD095-5553-4DD5-B3E2-78B5215BF95F}
		{DCB0442E-516C-4D0E-AB64-CAA27CFD67E3} = {E50DD095-5553-4DD5-B3E2-78B5215BF95F}
		{B62B7565-2984-4165-8F94-BB232BD24C21} = {E50DD095-5553-4DD5-B3E2-78B5215BF95F}
		{658B32C3-A446-4294-9C16-D646A7E1B744} = {E50DD095-5553-4DD5-B3E2-78B5215BF95F}
		{5BB5E48F-F15D-4D6D-B73F-7BD2BAD80408} = {5B902CC1-C9C1-47BA-8520-7267FE193FF5}
		{B42E8028-81B0-4865-86E7-6AD22E132788} = {5B902CC1-C9C1-47BA-8520-7267FE193FF5}
		{D22F225C-03E7-42F9-B876-1FEA8688F315} = {5B902CC1-C9C1-47BA-8520-7267FE193FF5}
		{48DB4A22-894D-4E9D-94FD-FE9A601C6E43} = {5B902CC1-C9C1-47BA-8520-7267FE193FF5}
		{C0EDBA30-88A3-45BD-9E3E-F57D877D1CA2} = {5B902CC1-C9C1-47BA-8520-7267FE193FF5}
		{51A6DB5B-1970-4C68-B14E-41C806E26E98} = {5B902CC1-C9C1-47BA-8520-7267FE193FF5}
		{1673775F-AB41-4451-A750-24B64E0F7D96} = {5B902CC1-C9C1-47BA-8520-7267FE193FF5}
		{BA09A459-6335-431D-A95B-61E1451C98DB} = {5B902CC1-C9C1-47BA-8520-7267FE193FF5}
		{2E04ABCF-EB4C-47C1-AD2C-40EAAA0E7FEA} = {5B902CC1-C9C1-47BA-8520-7267FE193FF5}
		{DBDB6E4E-53CC-4692-9E47-107537B75477} = {EAA4C3EA-4F80-F7E2-43F4-B077FE12FBA7}
	EndGlobalSection
	GlobalSection(ExtensibilityGlobals) = postSolution
		SolutionGuid = {44B90591-31FC-4C78-9DDD-BBE750B6AAE6}
	EndGlobalSection
EndGlobal
